PODS:
  - CocoaLumberjack (2.0.0):
    - CocoaLumberjack/Default (= 2.0.0)
    - CocoaLumberjack/Extensions (= 2.0.0)
  - CocoaLumberjack/Core (2.0.0)
  - CocoaLumberjack/Default (2.0.0):
    - CocoaLumberjack/Core
  - CocoaLumberjack/Extensions (2.0.0):
    - CocoaLumberjack/Default
  - CTFeedback (1.0.18)
  - DZCache (1.0.9):
    - DZCDNFiles
    - DZGeometryTools
    - DZSinglonFactory
  - DZCDNFiles (1.0.1):
    - DZSinglonFactory
  - DZGeometryTools (1.0.9)
  - DZSinglonFactory (1.0.2)
  - FMDB (2.5):
    - FMDB/standard (= 2.5)
  - FMDB/common (2.5)
  - FMDB/standard (2.5):
    - FMDB/common
  - HexColors (2.2.1)
  - InAppSettingsKit (2.6)
  - iRate (1.11.4)
  - JBChartView (1.1.6)
  - KXKiOS7ColorsAndGradients (1.0.0)
  - MBProgressHUD (0.9.1)
  - MTLocation (0.9)
  - NSDate-TKExtensions (0.4)
  - ObjectiveSugar (1.1.0)
  - PNChart (0.2.2)
  - PulsingHalo (0.0.1)
  - SKBounceAnimation (1.0.04)
  - SSKeychain (1.2.3)
  - TheAmazingAudioEngine (1.4.6)
  - TSMessages (0.9.12):
    - HexColors
  - TTCounterLabel (1.2.0):
    - TTTAttributedLabel
  - TTTAttributedLabel (1.13.4)

DEPENDENCIES:
  - CocoaLumberjack
  - CTFeedback
  - DZCache
  - FMDB
  - InAppSettingsKit
  - iRate
  - JBChartView (~> 1.0)
  - KXKiOS7ColorsAndGradients (~> 1.0.0)
  - MBProgressHUD (~> 0.8)
  - MTLocation
  - NSDate-TKExtensions
  - ObjectiveSugar
  - PNChart (from `git://github.com/yishuiliunian/PNChart.git`)
  - PulsingHalo
  - SKBounceAnimation
  - SSKeychain
  - TheAmazingAudioEngine
  - TSMessages
  - TTCounterLabel

EXTERNAL SOURCES:
  PNChart:
    :git: git://github.com/yishuiliunian/PNChart.git

CHECKOUT OPTIONS:
  PNChart:
    :commit: dee694ab091fea676fe429e4aae650a4ee7743f9
    :git: git://github.com/yishuiliunian/PNChart.git

SPEC CHECKSUMS:
  CocoaLumberjack: a6f77d987d65dc7ba86b0f84db7d0b9084f77bcb
  CTFeedback: 1eeebc5fd4fc22e5a9c166e1b3c0ef82f5f5b099
  DZCache: 4e4c8470c077a84d5fc25e2d8b1337f110fbf9a6
  DZCDNFiles: 4e5d9d3facb81dc783ecda98efc759ee06e5961b
  DZGeometryTools: 6a875726d83ae18d5ff593b4cb02af11f947b86c
  DZSinglonFactory: 2b43251e9dcb1053c79a7c776dff5bbe0dea602b
  FMDB: 96e8f1bcc1329e269330f99770ad4285d9003e52
  HexColors: abfd172e329dab59888614ccba6f216cec59289d
  InAppSettingsKit: cc56d3ec45f11352a16d5b210da8a3fa1b9d05ed
  iRate: 599ed07c854e0695f3c605d1b2a64c67d912acb7
  JBChartView: c1408bf0b2d2eea492299890e84514ffb2e86330
  KXKiOS7ColorsAndGradients: 903f3232d0908601097262cd3978c30ffa543d74
  MBProgressHUD: c47f2c166c126cf2ce36498d80f33e754d4e93ad
  MTLocation: d441a68bf8392b28ec1c8278a177371c4f6ab863
  NSDate-TKExtensions: 73572c96f1afc60632391948dd8016d194f688d3
  ObjectiveSugar: a6a25f23d657c19df0a0b972466d5b5ca9f5295c
  PNChart: f4487b9ced2e765d967d922b9c4f4892c18394f2
  PulsingHalo: 1583823bd6c989fff3469bb417bc42f0d268f98e
  SKBounceAnimation: c1be441b78e1a38c44609d6e38ae20ad79ecc180
  SSKeychain: 3f42991739c6c60a9cf1bbd4dff6c0d3694bcf3d
  TheAmazingAudioEngine: 014e942f20456feaf5ccb48f440402306350abf8
  TSMessages: 2a52642128d7ab15b46930c810b9c9403a2b58f3
  TTCounterLabel: 184be6e977525c57019d9ed03787048bd2fb115f
  TTTAttributedLabel: 0a2ac7b2dd726d32a070dafb01446026b11e624f

COCOAPODS: 0.37.2
